
Microsoft Visual Studio Solution File, Format Version 12.00
# Visual Studio 15
VisualStudioVersion = 15.0.26124.0
MinimumVisualStudioVersion = 15.0.26124.0
Project("{2150E333-8FDC-42A3-9474-1A3956D46DE8}") = "src", "src", "{A3796717-80A0-4B0C-A1A2-5E6FDF1D657B}"
EndProject
Project("{2150E333-8FDC-42A3-9474-1A3956D46DE8}") = "test", "test", "{B8221187-DB14-4F84-B12F-DABEB13DE573}"
EndProject
Project("{9A19103F-16F7-4668-BE54-9A1E7A4F7556}") = "ECommerce.Core", "src\ECommerce.Core\ECommerce.Core.csproj", "{1A2256B1-D13D-48EF-806A-0AF2C6C7C8FC}"
EndProject
Project("{9A19103F-16F7-4668-BE54-9A1E7A4F7556}") = "ECommerce.Entities", "ECommerce.Entity\ECommerce.Entities.csproj", "{9A9E92F7-0097-41A9-884D-43DB552B439E}"
EndProject
Project("{9A19103F-16F7-4668-BE54-9A1E7A4F7556}") = "ECommerce.Data", "ECommerce.Dal\ECommerce.Data.csproj", "{EF10BF34-A210-4EE5-81D9-6C94584301EA}"
EndProject
Project("{9A19103F-16F7-4668-BE54-9A1E7A4F7556}") = "ECommerce.Service", "ECommerce.Bll\ECommerce.Service.csproj", "{4B2BEA63-CDAF-49AD-848C-5F4C11F6962F}"
EndProject
Global
	GlobalSection(SolutionConfigurationPlatforms) = preSolution
		Debug|Any CPU = Debug|Any CPU
		Debug|x64 = Debug|x64
		Debug|x86 = Debug|x86
		Release|Any CPU = Release|Any CPU
		Release|x64 = Release|x64
		Release|x86 = Release|x86
	EndGlobalSection
	GlobalSection(ProjectConfigurationPlatforms) = postSolution
		{1A2256B1-D13D-48EF-806A-0AF2C6C7C8FC}.Debug|Any CPU.ActiveCfg = Debug|Any CPU
		{1A2256B1-D13D-48EF-806A-0AF2C6C7C8FC}.Debug|Any CPU.Build.0 = Debug|Any CPU
		{1A2256B1-D13D-48EF-806A-0AF2C6C7C8FC}.Debug|x64.ActiveCfg = Debug|Any CPU
		{1A2256B1-D13D-48EF-806A-0AF2C6C7C8FC}.Debug|x64.Build.0 = Debug|Any CPU
		{1A2256B1-D13D-48EF-806A-0AF2C6C7C8FC}.Debug|x86.ActiveCfg = Debug|Any CPU
		{1A2256B1-D13D-48EF-806A-0AF2C6C7C8FC}.Debug|x86.Build.0 = Debug|Any CPU
		{1A2256B1-D13D-48EF-806A-0AF2C6C7C8FC}.Release|Any CPU.ActiveCfg = Release|Any CPU
		{1A2256B1-D13D-48EF-806A-0AF2C6C7C8FC}.Release|Any CPU.Build.0 = Release|Any CPU
		{1A2256B1-D13D-48EF-806A-0AF2C6C7C8FC}.Release|x64.ActiveCfg = Release|Any CPU
		{1A2256B1-D13D-48EF-806A-0AF2C6C7C8FC}.Release|x64.Build.0 = Release|Any CPU
		{1A2256B1-D13D-48EF-806A-0AF2C6C7C8FC}.Release|x86.ActiveCfg = Release|Any CPU
		{1A2256B1-D13D-48EF-806A-0AF2C6C7C8FC}.Release|x86.Build.0 = Release|Any CPU
		{9A9E92F7-0097-41A9-884D-43DB552B439E}.Debug|Any CPU.ActiveCfg = Debug|Any CPU
		{9A9E92F7-0097-41A9-884D-43DB552B439E}.Debug|Any CPU.Build.0 = Debug|Any CPU
		{9A9E92F7-0097-41A9-884D-43DB552B439E}.Debug|x64.ActiveCfg = Debug|Any CPU
		{9A9E92F7-0097-41A9-884D-43DB552B439E}.Debug|x64.Build.0 = Debug|Any CPU
		{9A9E92F7-0097-41A9-884D-43DB552B439E}.Debug|x86.ActiveCfg = Debug|Any CPU
		{9A9E92F7-0097-41A9-884D-43DB552B439E}.Debug|x86.Build.0 = Debug|Any CPU
		{9A9E92F7-0097-41A9-884D-43DB552B439E}.Release|Any CPU.ActiveCfg = Release|Any CPU
		{9A9E92F7-0097-41A9-884D-43DB552B439E}.Release|Any CPU.Build.0 = Release|Any CPU
		{9A9E92F7-0097-41A9-884D-43DB552B439E}.Release|x64.ActiveCfg = Release|Any CPU
		{9A9E92F7-0097-41A9-884D-43DB552B439E}.Release|x64.Build.0 = Release|Any CPU
		{9A9E92F7-0097-41A9-884D-43DB552B439E}.Release|x86.ActiveCfg = Release|Any CPU
		{9A9E92F7-0097-41A9-884D-43DB552B439E}.Release|x86.Build.0 = Release|Any CPU
		{EF10BF34-A210-4EE5-81D9-6C94584301EA}.Debug|Any CPU.ActiveCfg = Debug|Any CPU
		{EF10BF34-A210-4EE5-81D9-6C94584301EA}.Debug|Any CPU.Build.0 = Debug|Any CPU
		{EF10BF34-A210-4EE5-81D9-6C94584301EA}.Debug|x64.ActiveCfg = Debug|Any CPU
		{EF10BF34-A210-4EE5-81D9-6C94584301EA}.Debug|x64.Build.0 = Debug|Any CPU
		{EF10BF34-A210-4EE5-81D9-6C94584301EA}.Debug|x86.ActiveCfg = Debug|Any CPU
		{EF10BF34-A210-4EE5-81D9-6C94584301EA}.Debug|x86.Build.0 = Debug|Any CPU
		{EF10BF34-A210-4EE5-81D9-6C94584301EA}.Release|Any CPU.ActiveCfg = Release|Any CPU
		{EF10BF34-A210-4EE5-81D9-6C94584301EA}.Release|Any CPU.Build.0 = Release|Any CPU
		{EF10BF34-A210-4EE5-81D9-6C94584301EA}.Release|x64.ActiveCfg = Release|Any CPU
		{EF10BF34-A210-4EE5-81D9-6C94584301EA}.Release|x64.Build.0 = Release|Any CPU
		{EF10BF34-A210-4EE5-81D9-6C94584301EA}.Release|x86.ActiveCfg = Release|Any CPU
		{EF10BF34-A210-4EE5-81D9-6C94584301EA}.Release|x86.Build.0 = Release|Any CPU
		{4B2BEA63-CDAF-49AD-848C-5F4C11F6962F}.Debug|Any CPU.ActiveCfg = Debug|Any CPU
		{4B2BEA63-CDAF-49AD-848C-5F4C11F6962F}.Debug|Any CPU.Build.0 = Debug|Any CPU
		{4B2BEA63-CDAF-49AD-848C-5F4C11F6962F}.Debug|x64.ActiveCfg = Debug|Any CPU
		{4B2BEA63-CDAF-49AD-848C-5F4C11F6962F}.Debug|x64.Build.0 = Debug|Any CPU
		{4B2BEA63-CDAF-49AD-848C-5F4C11F6962F}.Debug|x86.ActiveCfg = Debug|Any CPU
		{4B2BEA63-CDAF-49AD-848C-5F4C11F6962F}.Debug|x86.Build.0 = Debug|Any CPU
		{4B2BEA63-CDAF-49AD-848C-5F4C11F6962F}.Release|Any CPU.ActiveCfg = Release|Any CPU
		{4B2BEA63-CDAF-49AD-848C-5F4C11F6962F}.Release|Any CPU.Build.0 = Release|Any CPU
		{4B2BEA63-CDAF-49AD-848C-5F4C11F6962F}.Release|x64.ActiveCfg = Release|Any CPU
		{4B2BEA63-CDAF-49AD-848C-5F4C11F6962F}.Release|x64.Build.0 = Release|Any CPU
		{4B2BEA63-CDAF-49AD-848C-5F4C11F6962F}.Release|x86.ActiveCfg = Release|Any CPU
		{4B2BEA63-CDAF-49AD-848C-5F4C11F6962F}.Release|x86.Build.0 = Release|Any CPU
	EndGlobalSection
	GlobalSection(SolutionProperties) = preSolution
		HideSolutionNode = FALSE
	EndGlobalSection
	GlobalSection(NestedProjects) = preSolution
		{1A2256B1-D13D-48EF-806A-0AF2C6C7C8FC} = {A3796717-80A0-4B0C-A1A2-5E6FDF1D657B}
		{9A9E92F7-0097-41A9-884D-43DB552B439E} = {A3796717-80A0-4B0C-A1A2-5E6FDF1D657B}
		{EF10BF34-A210-4EE5-81D9-6C94584301EA} = {A3796717-80A0-4B0C-A1A2-5E6FDF1D657B}
		{4B2BEA63-CDAF-49AD-848C-5F4C11F6962F} = {A3796717-80A0-4B0C-A1A2-5E6FDF1D657B}
	EndGlobalSection
	GlobalSection(ExtensibilityGlobals) = postSolution
		SolutionGuid = {A71B1A65-9FAD-421E-B659-039935990C0D}
	EndGlobalSection
EndGlobal
